// !$*UTF8*$!
{
	archiveVersion = 1;
	classes = {
	};
	objectVersion = 50;
	objects = {

/* Begin PBXBuildFile section */
		5616B27F241A8D4F007E9CD3 /* ComputerCell.swift in Sources */ = {isa = PBXBuildFile; fileRef = 5616B27E241A8D4F007E9CD3 /* ComputerCell.swift */; };
		5616B281241E0CEC007E9CD3 /* ComputerCardVC.swift in Sources */ = {isa = PBXBuildFile; fileRef = 5616B280241E0CEC007E9CD3 /* ComputerCardVC.swift */; };
		5616B283241E1A15007E9CD3 /* Network.swift in Sources */ = {isa = PBXBuildFile; fileRef = 5616B282241E1A15007E9CD3 /* Network.swift */; };
		5616B285241E1A52007E9CD3 /* JSONParser.swift in Sources */ = {isa = PBXBuildFile; fileRef = 5616B284241E1A52007E9CD3 /* JSONParser.swift */; };
		5618C2BF241FA53600AAD6A6 /* ComputerCompanyCell.swift in Sources */ = {isa = PBXBuildFile; fileRef = 5618C2BE241FA53600AAD6A6 /* ComputerCompanyCell.swift */; };
		5618C2C1241FFED600AAD6A6 /* Reachability.swift in Sources */ = {isa = PBXBuildFile; fileRef = 5618C2C0241FFED600AAD6A6 /* Reachability.swift */; };
		56458DF92419F4CE007640D4 /* AppDelegate.swift in Sources */ = {isa = PBXBuildFile; fileRef = 56458DF82419F4CE007640D4 /* AppDelegate.swift */; };
		56458DFB2419F4CE007640D4 /* SceneDelegate.swift in Sources */ = {isa = PBXBuildFile; fileRef = 56458DFA2419F4CE007640D4 /* SceneDelegate.swift */; };
		56458DFD2419F4CE007640D4 /* ComputerListVC.swift in Sources */ = {isa = PBXBuildFile; fileRef = 56458DFC2419F4CE007640D4 /* ComputerListVC.swift */; };
		56458E002419F4CE007640D4 /* Main.storyboard in Resources */ = {isa = PBXBuildFile; fileRef = 56458DFE2419F4CE007640D4 /* Main.storyboard */; };
		56458E032419F4CE007640D4 /* ComputerDB.xcdatamodeld in Sources */ = {isa = PBXBuildFile; fileRef = 56458E012419F4CE007640D4 /* ComputerDB.xcdatamodeld */; };
		56458E052419F4D3007640D4 /* Assets.xcassets in Resources */ = {isa = PBXBuildFile; fileRef = 56458E042419F4D3007640D4 /* Assets.xcassets */; };
		56458E082419F4D3007640D4 /* LaunchScreen.storyboard in Resources */ = {isa = PBXBuildFile; fileRef = 56458E062419F4D3007640D4 /* LaunchScreen.storyboard */; };
/* End PBXBuildFile section */

/* Begin PBXFileReference section */
		5616B27E241A8D4F007E9CD3 /* ComputerCell.swift */ = {isa = PBXFileReference; lastKnownFileType = sourcecode.swift; path = ComputerCell.swift; sourceTree = "<group>"; };
		5616B280241E0CEC007E9CD3 /* ComputerCardVC.swift */ = {isa = PBXFileReference; lastKnownFileType = sourcecode.swift; path = ComputerCardVC.swift; sourceTree = "<group>"; };
		5616B282241E1A15007E9CD3 /* Network.swift */ = {isa = PBXFileReference; lastKnownFileType = sourcecode.swift; path = Network.swift; sourceTree = "<group>"; };
		5616B284241E1A52007E9CD3 /* JSONParser.swift */ = {isa = PBXFileReference; lastKnownFileType = sourcecode.swift; path = JSONParser.swift; sourceTree = "<group>"; };
		5618C2BE241FA53600AAD6A6 /* ComputerCompanyCell.swift */ = {isa = PBXFileReference; lastKnownFileType = sourcecode.swift; path = ComputerCompanyCell.swift; sourceTree = "<group>"; };
		5618C2C0241FFED600AAD6A6 /* Reachability.swift */ = {isa = PBXFileReference; lastKnownFileType = sourcecode.swift; path = Reachability.swift; sourceTree = "<group>"; };
		56458DF52419F4CE007640D4 /* ComputerDB.app */ = {isa = PBXFileReference; explicitFileType = wrapper.application; includeInIndex = 0; path = ComputerDB.app; sourceTree = BUILT_PRODUCTS_DIR; };
		56458DF82419F4CE007640D4 /* AppDelegate.swift */ = {isa = PBXFileReference; lastKnownFileType = sourcecode.swift; path = AppDelegate.swift; sourceTree = "<group>"; };
		56458DFA2419F4CE007640D4 /* SceneDelegate.swift */ = {isa = PBXFileReference; lastKnownFileType = sourcecode.swift; path = SceneDelegate.swift; sourceTree = "<group>"; };
		56458DFC2419F4CE007640D4 /* ComputerListVC.swift */ = {isa = PBXFileReference; lastKnownFileType = sourcecode.swift; path = ComputerListVC.swift; sourceTree = "<group>"; };
		56458DFF2419F4CE007640D4 /* Base */ = {isa = PBXFileReference; lastKnownFileType = file.storyboard; name = Base; path = Base.lproj/Main.storyboard; sourceTree = "<group>"; };
		56458E022419F4CE007640D4 /* ComputerDB.xcdatamodel */ = {isa = PBXFileReference; lastKnownFileType = wrapper.xcdatamodel; path = ComputerDB.xcdatamodel; sourceTree = "<group>"; };
		56458E042419F4D3007640D4 /* Assets.xcassets */ = {isa = PBXFileReference; lastKnownFileType = folder.assetcatalog; path = Assets.xcassets; sourceTree = "<group>"; };
		56458E072419F4D3007640D4 /* Base */ = {isa = PBXFileReference; lastKnownFileType = file.storyboard; name = Base; path = Base.lproj/LaunchScreen.storyboard; sourceTree = "<group>"; };
		56458E092419F4D3007640D4 /* Info.plist */ = {isa = PBXFileReference; lastKnownFileType = text.plist.xml; path = Info.plist; sourceTree = "<group>"; };
/* End PBXFileReference section */

/* Begin PBXFrameworksBuildPhase section */
		56458DF22419F4CE007640D4 /* Frameworks */ = {
			isa = PBXFrameworksBuildPhase;
			buildActionMask = 2147483647;
			files = (
			);
			runOnlyForDeploymentPostprocessing = 0;
		};
/* End PBXFrameworksBuildPhase section */

/* Begin PBXGroup section */
		5616B2792419FC7F007E9CD3 /* Network */ = {
			isa = PBXGroup;
			children = (
				5616B282241E1A15007E9CD3 /* Network.swift */,
				5616B284241E1A52007E9CD3 /* JSONParser.swift */,
				5618C2C0241FFED600AAD6A6 /* Reachability.swift */,
			);
			path = Network;
			sourceTree = "<group>";
		};
		5616B27B2419FCA0007E9CD3 /* Computers */ = {
			isa = PBXGroup;
			children = (
				5618C2BD241FA51500AAD6A6 /* Cells */,
			);
			path = Computers;
			sourceTree = "<group>";
		};
		5618C2BD241FA51500AAD6A6 /* Cells */ = {
			isa = PBXGroup;
			children = (
				5616B27E241A8D4F007E9CD3 /* ComputerCell.swift */,
				5618C2BE241FA53600AAD6A6 /* ComputerCompanyCell.swift */,
			);
			path = Cells;
			sourceTree = "<group>";
		};
		56458DEC2419F4CE007640D4 = {
			isa = PBXGroup;
			children = (
				56458DF72419F4CE007640D4 /* ComputerDB */,
				56458DF62419F4CE007640D4 /* Products */,
			);
			sourceTree = "<group>";
		};
		56458DF62419F4CE007640D4 /* Products */ = {
			isa = PBXGroup;
			children = (
				56458DF52419F4CE007640D4 /* ComputerDB.app */,
			);
			name = Products;
			sourceTree = "<group>";
		};
		56458DF72419F4CE007640D4 /* ComputerDB */ = {
			isa = PBXGroup;
			children = (
				56458DF82419F4CE007640D4 /* AppDelegate.swift */,
				56458DFA2419F4CE007640D4 /* SceneDelegate.swift */,
				5616B27B2419FCA0007E9CD3 /* Computers */,
				56458DFC2419F4CE007640D4 /* ComputerListVC.swift */,
				5616B280241E0CEC007E9CD3 /* ComputerCardVC.swift */,
				5616B2792419FC7F007E9CD3 /* Network */,
				56458DFE2419F4CE007640D4 /* Main.storyboard */,
				56458E042419F4D3007640D4 /* Assets.xcassets */,
				56458E062419F4D3007640D4 /* LaunchScreen.storyboard */,
				56458E092419F4D3007640D4 /* Info.plist */,
				56458E012419F4CE007640D4 /* ComputerDB.xcdatamodeld */,
			);
			path = ComputerDB;
			sourceTree = "<group>";
		};
/* End PBXGroup section */

/* Begin PBXNativeTarget section */
		56458DF42419F4CE007640D4 /* ComputerDB */ = {
			isa = PBXNativeTarget;
			buildConfigurationList = 56458E0C2419F4D3007640D4 /* Build configuration list for PBXNativeTarget "ComputerDB" */;
			buildPhases = (
				56458DF12419F4CE007640D4 /* Sources */,
				56458DF22419F4CE007640D4 /* Frameworks */,
				56458DF32419F4CE007640D4 /* Resources */,
			);
			buildRules = (
			);
			dependencies = (
			);
			name = ComputerDB;
			productName = ComputerDB;
			productReference = 56458DF52419F4CE007640D4 /* ComputerDB.app */;
			productType = "com.apple.product-type.application";
		};
/* End PBXNativeTarget section */

/* Begin PBXProject section */
		56458DED2419F4CE007640D4 /* Project object */ = {
			isa = PBXProject;
			attributes = {
				LastSwiftUpdateCheck = 1130;
				LastUpgradeCheck = 1130;
				ORGANIZATIONNAME = PelmondoProd;
				TargetAttributes = {
					56458DF42419F4CE007640D4 = {
						CreatedOnToolsVersion = 11.3.1;
					};
				};
			};
			buildConfigurationList = 56458DF02419F4CE007640D4 /* Build configuration list for PBXProject "ComputerDB" */;
			compatibilityVersion = "Xcode 9.3";
			developmentRegion = en;
			hasScannedForEncodings = 0;
			knownRegions = (
				en,
				Base,
			);
			mainGroup = 56458DEC2419F4CE007640D4;
			productRefGroup = 56458DF62419F4CE007640D4 /* Products */;
			projectDirPath = "";
			projectRoot = "";
			targets = (
				56458DF42419F4CE007640D4 /* ComputerDB */,
			);
		};
/* End PBXProject section */

/* Begin PBXResourcesBuildPhase section */
		56458DF32419F4CE007640D4 /* Resources */ = {
			isa = PBXResourcesBuildPhase;
			buildActionMask = 2147483647;
			files = (
				56458E082419F4D3007640D4 /* LaunchScreen.storyboard in Resources */,
				56458E052419F4D3007640D4 /* Assets.xcassets in Resources */,
				56458E002419F4CE007640D4 /* Main.storyboard in Resources */,
			);
			runOnlyForDeploymentPostprocessing = 0;
		};
/* End PBXResourcesBuildPhase section */

/* Begin PBXSourcesBuildPhase section */
		56458DF12419F4CE007640D4 /* Sources */ = {
			isa = PBXSourcesBuildPhase;
			buildActionMask = 2147483647;
			files = (
				5618C2BF241FA53600AAD6A6 /* ComputerCompanyCell.swift in Sources */,
				56458E032419F4CE007640D4 /* ComputerDB.xcdatamodeld in Sources */,
				5616B285241E1A52007E9CD3 /* JSONParser.swift in Sources */,
				5616B283241E1A15007E9CD3 /* Network.swift in Sources */,
				5616B27F241A8D4F007E9CD3 /* ComputerCell.swift in Sources */,
				56458DFD2419F4CE007640D4 /* ComputerListVC.swift in Sources */,
				56458DF92419F4CE007640D4 /* AppDelegate.swift in Sources */,
				5616B281241E0CEC007E9CD3 /* ComputerCardVC.swift in Sources */,
				5618C2C1241FFED600AAD6A6 /* Reachability.swift in Sources */,
				56458DFB2419F4CE007640D4 /* SceneDelegate.swift in Sources */,
			);
			runOnlyForDeploymentPostprocessing = 0;
		};
/* End PBXSourcesBuildPhase section */

/* Begin PBXVariantGroup section */
		56458DFE2419F4CE007640D4 /* Main.storyboard */ = {
			isa = PBXVariantGroup;
			children = (
				56458DFF2419F4CE007640D4 /* Base */,
			);
			name = Main.storyboard;
			sourceTree = "<group>";
		};
		56458E062419F4D3007640D4 /* LaunchScreen.storyboard */ = {
			isa = PBXVariantGroup;
			children = (
				56458E072419F4D3007640D4 /* Base */,
			);
			name = LaunchScreen.storyboard;
			sourceTree = "<group>";
		};
/* End PBXVariantGroup section */

/* Begin XCBuildConfiguration section */
		56458E0A2419F4D3007640D4 /* Debug */ = {
			isa = XCBuildConfiguration;
			buildSettings = {
				ALWAYS_SEARCH_USER_PATHS = NO;
				CLANG_ANALYZER_NONNULL = YES;
				CLANG_ANALYZER_NUMBER_OBJECT_CONVERSION = YES_AGGRESSIVE;
				CLANG_CXX_LANGUAGE_STANDARD = "gnu++14";
				CLANG_CXX_LIBRARY = "libc++";
				CLANG_ENABLE_MODULES = YES;
				CLANG_ENABLE_OBJC_ARC = YES;
				CLANG_ENABLE_OBJC_WEAK = YES;
				CLANG_WARN_BLOCK_CAPTURE_AUTORELEASING = YES;
				CLANG_WARN_BOOL_CONVERSION = YES;
				CLANG_WARN_COMMA = YES;
				CLANG_WARN_CONSTANT_CONVERSION = YES;
				CLANG_WARN_DEPRECATED_OBJC_IMPLEMENTATIONS = YES;
				CLANG_WARN_DIRECT_OBJC_ISA_USAGE = YES_ERROR;
				CLANG_WARN_DOCUMENTATION_COMMENTS = YES;
				CLANG_WARN_EMPTY_BODY = YES;
				CLANG_WARN_ENUM_CONVERSION = YES;
				CLANG_WARN_INFINITE_RECURSION = YES;
				CLANG_WARN_INT_CONVERSION = YES;
				CLANG_WARN_NON_LITERAL_NULL_CONVERSION = YES;
				CLANG_WARN_OBJC_IMPLICIT_RETAIN_SELF = YES;
				CLANG_WARN_OBJC_LITERAL_CONVERSION = YES;
				CLANG_WARN_OBJC_ROOT_CLASS = YES_ERROR;
				CLANG_WARN_RANGE_LOOP_ANALYSIS = YES;
				CLANG_WARN_STRICT_PROTOTYPES = YES;
				CLANG_WARN_SUSPICIOUS_MOVE = YES;
				CLANG_WARN_UNGUARDED_AVAILABILITY = YES_AGGRESSIVE;
				CLANG_WARN_UNREACHABLE_CODE = YES;
				CLANG_WARN__DUPLICATE_METHOD_MATCH = YES;
				COPY_PHASE_STRIP = NO;
				DEBUG_INFORMATION_FORMAT = dwarf;
				ENABLE_STRICT_OBJC_MSGSEND = YES;
				ENABLE_TESTABILITY = YES;
				GCC_C_LANGUAGE_STANDARD = gnu11;
				GCC_DYNAMIC_NO_PIC = NO;
				GCC_NO_COMMON_BLOCKS = YES;
				GCC_OPTIMIZATION_LEVEL = 0;
				GCC_PREPROCESSOR_DEFINITIONS = (
					"DEBUG=1",
					"$(inherited)",
				);
				GCC_WARN_64_TO_32_BIT_CONVERSION = YES;
				GCC_WARN_ABOUT_RETURN_TYPE = YES_ERROR;
				GCC_WARN_UNDECLARED_SELECTOR = YES;
				GCC_WARN_UNINITIALIZED_AUTOS = YES_AGGRESSIVE;
				GCC_WARN_UNUSED_FUNCTION = YES;
				GCC_WARN_UNUSED_VARIABLE = YES;
				IPHONEOS_DEPLOYMENT_TARGET = 13.2;
				MTL_ENABLE_DEBUG_INFO = INCLUDE_SOURCE;
				MTL_FAST_MATH = YES;
				ONLY_ACTIVE_ARCH = YES;
				SDKROOT = iphoneos;
				SWIFT_ACTIVE_COMPILATION_CONDITIONS = DEBUG;
				SWIFT_OPTIMIZATION_LEVEL = "-Onone";
			};
			name = Debug;
		};
		56458E0B2419F4D3007640D4 /* Release */ = {
			isa = XCBuildConfiguration;
			buildSettings = {
				ALWAYS_SEARCH_USER_PATHS = NO;
				CLANG_ANALYZER_NONNULL = YES;
				CLANG_ANALYZER_NUMBER_OBJECT_CONVERSION = YES_AGGRESSIVE;
				CLANG_CXX_LANGUAGE_STANDARD = "gnu++14";
				CLANG_CXX_LIBRARY = "libc++";
				CLANG_ENABLE_MODULES = YES;
				CLANG_ENABLE_OBJC_ARC = YES;
				CLANG_ENABLE_OBJC_WEAK = YES;
				CLANG_WARN_BLOCK_CAPTURE_AUTORELEASING = YES;
				CLANG_WARN_BOOL_CONVERSION = YES;
				CLANG_WARN_COMMA = YES;
				CLANG_WARN_CONSTANT_CONVERSION = YES;
				CLANG_WARN_DEPRECATED_OBJC_IMPLEMENTATIONS = YES;
				CLANG_WARN_DIRECT_OBJC_ISA_USAGE = YES_ERROR;
				CLANG_WARN_DOCUMENTATION_COMMENTS = YES;
				CLANG_WARN_EMPTY_BODY = YES;
				CLANG_WARN_ENUM_CONVERSION = YES;
				CLANG_WARN_INFINITE_RECURSION = YES;
				CLANG_WARN_INT_CONVERSION = YES;
				CLANG_WARN_NON_LITERAL_NULL_CONVERSION = YES;
				CLANG_WARN_OBJC_IMPLICIT_RETAIN_SELF = YES;
				CLANG_WARN_OBJC_LITERAL_CONVERSION = YES;
				CLANG_WARN_OBJC_ROOT_CLASS = YES_ERROR;
				CLANG_WARN_RANGE_LOOP_ANALYSIS = YES;
				CLANG_WARN_STRICT_PROTOTYPES = YES;
				CLANG_WARN_SUSPICIOUS_MOVE = YES;
				CLANG_WARN_UNGUARDED_AVAILABILITY = YES_AGGRESSIVE;
				CLANG_WARN_UNREACHABLE_CODE = YES;
				CLANG_WARN__DUPLICATE_METHOD_MATCH = YES;
				COPY_PHASE_STRIP = NO;
				DEBUG_INFORMATION_FORMAT = "dwarf-with-dsym";
				ENABLE_NS_ASSERTIONS = NO;
				ENABLE_STRICT_OBJC_MSGSEND = YES;
				GCC_C_LANGUAGE_STANDARD = gnu11;
				GCC_NO_COMMON_BLOCKS = YES;
				GCC_WARN_64_TO_32_BIT_CONVERSION = YES;
				GCC_WARN_ABOUT_RETURN_TYPE = YES_ERROR;
				GCC_WARN_UNDECLARED_SELECTOR = YES;
				GCC_WARN_UNINITIALIZED_AUTOS = YES_AGGRESSIVE;
				GCC_WARN_UNUSED_FUNCTION = YES;
				GCC_WARN_UNUSED_VARIABLE = YES;
				IPHONEOS_DEPLOYMENT_TARGET = 13.2;
				MTL_ENABLE_DEBUG_INFO = NO;
				MTL_FAST_MATH = YES;
				SDKROOT = iphoneos;
				SWIFT_COMPILATION_MODE = wholemodule;
				SWIFT_OPTIMIZATION_LEVEL = "-O";
				VALIDATE_PRODUCT = YES;
			};
			name = Release;
		};
		56458E0D2419F4D3007640D4 /* Debug */ = {
			isa = XCBuildConfiguration;
			buildSettings = {
				ASSETCATALOG_COMPILER_APPICON_NAME = AppIcon;
				CODE_SIGN_STYLE = Automatic;
				DEVELOPMENT_TEAM = KMJG654R42;
				INFOPLIST_FILE = ComputerDB/Info.plist;
				LD_RUNPATH_SEARCH_PATHS = (
					"$(inherited)",
					"@executable_path/Frameworks",
				);
				PRODUCT_BUNDLE_IDENTIFIER = ru.PelmondoSoft.ComputerDB;
				PRODUCT_NAME = "$(TARGET_NAME)";
				SWIFT_VERSION = 5.0;
				TARGETED_DEVICE_FAMILY = 1;
			};
			name = Debug;
		};
		56458E0E2419F4D3007640D4 /* Release */ = {
			isa = XCBuildConfiguration;
			buildSettings = {
				ASSETCATALOG_COMPILER_APPICON_NAME = AppIcon;
				CODE_SIGN_STYLE = Automatic;
				DEVELOPMENT_TEAM = KMJG654R42;
				INFOPLIST_FILE = ComputerDB/Info.plist;
				LD_RUNPATH_SEARCH_PATHS = (
					"$(inherited)",
					"@executable_path/Frameworks",
				);
				PRODUCT_BUNDLE_IDENTIFIER = ru.PelmondoSoft.ComputerDB;
				PRODUCT_NAME = "$(TARGET_NAME)";
				SWIFT_VERSION = 5.0;
				TARGETED_DEVICE_FAMILY = 1;
			};
			name = Release;
		};
/* End XCBuildConfiguration section */

/* Begin XCConfigurationList section */
		56458DF02419F4CE007640D4 /* Build configuration list for PBXProject "ComputerDB" */ = {
			isa = XCConfigurationList;
			buildConfigurations = (
				56458E0A2419F4D3007640D4 /* Debug */,
				56458E0B2419F4D3007640D4 /* Release */,
			);
			defaultConfigurationIsVisible = 0;
			defaultConfigurationName = Release;
		};
		56458E0C2419F4D3007640D4 /* Build configuration list for PBXNativeTarget "ComputerDB" */ = {
			isa = XCConfigurationList;
			buildConfigurations = (
				56458E0D2419F4D3007640D4 /* Debug */,
				56458E0E2419F4D3007640D4 /* Release */,
			);
			defaultConfigurationIsVisible = 0;
			defaultConfigurationName = Release;
		};
/* End XCConfigurationList section */

/* Begin XCVersionGroup section */
		56458E012419F4CE007640D4 /* ComputerDB.xcdatamodeld */ = {
			isa = XCVersionGroup;
			children = (
				56458E022419F4CE007640D4 /* ComputerDB.xcdatamodel */,
			);
			currentVersion = 56458E022419F4CE007640D4 /* ComputerDB.xcdatamodel */;
			path = ComputerDB.xcdatamodeld;
			sourceTree = "<group>";
			versionGroupType = wrapper.xcdatamodel;
		};
/* End XCVersionGroup section */
	};
	rootObject = 56458DED2419F4CE007640D4 /* Project object */;
}
